
Microsoft Visual Studio Solution File, Format Version 12.00
# Visual Studio Version 17
VisualStudioVersion = 17.11.35327.3
MinimumVisualStudioVersion = 10.0.40219.1
Project("{FAE04EC0-301F-11D3-BF4B-00C04F79EFBC}") = "areaOfCirculi", "areaOfCirculi\areaOfCirculi.csproj", "{CBC38608-2564-4ECF-BDE0-939B13FF1A5A}"
EndProject
Global
	GlobalSection(SolutionConfigurationPlatforms) = preSolution
		Debug|Any CPU = Debug|Any CPU
		Release|Any CPU = Release|Any CPU
	EndGlobalSection
	GlobalSection(ProjectConfigurationPlatforms) = postSolution
		{CBC38608-2564-4ECF-BDE0-939B13FF1A5A}.Debug|Any CPU.ActiveCfg = Debug|Any CPU
		{CBC38608-2564-4ECF-BDE0-939B13FF1A5A}.Debug|Any CPU.Build.0 = Debug|Any CPU
		{CBC38608-2564-4ECF-BDE0-939B13FF1A5A}.Release|Any CPU.ActiveCfg = Release|Any CPU
		{CBC38608-2564-4ECF-BDE0-939B13FF1A5A}.Release|Any CPU.Build.0 = Release|Any CPU
	EndGlobalSection
	GlobalSection(SolutionProperties) = preSolution
		HideSolutionNode = FALSE
	EndGlobalSection
	GlobalSection(ExtensibilityGlobals) = postSolution
		SolutionGuid = {25881345-F196-4470-9236-D63A99AB5A3C}
	EndGlobalSection
EndGlobal
